
Microsoft Visual Studio Solution File, Format Version 12.00
# Visual Studio Version 17
VisualStudioVersion = 17.5.002.0
MinimumVisualStudioVersion = 10.0.40219.1
Project("{9A19103F-16F7-4668-BE54-9A1E7A4F7556}") = "letter-grade-calculator-Mason-Hart-Student", "letter-grade-calculator-Mason-Hart-Student.csproj", "{7DC1C1C3-CB7F-4E84-91A8-E42BD1EEFB8C}"
EndProject
Global
	GlobalSection(SolutionConfigurationPlatforms) = preSolution
		Debug|Any CPU = Debug|Any CPU
		Release|Any CPU = Release|Any CPU
	EndGlobalSection
	GlobalSection(ProjectConfigurationPlatforms) = postSolution
		{7DC1C1C3-CB7F-4E84-91A8-E42BD1EEFB8C}.Debug|Any CPU.ActiveCfg = Debug|Any CPU
		{7DC1C1C3-CB7F-4E84-91A8-E42BD1EEFB8C}.Debug|Any CPU.Build.0 = Debug|Any CPU
		{7DC1C1C3-CB7F-4E84-91A8-E42BD1EEFB8C}.Release|Any CPU.ActiveCfg = Release|Any CPU
		{7DC1C1C3-CB7F-4E84-91A8-E42BD1EEFB8C}.Release|Any CPU.Build.0 = Release|Any CPU
	EndGlobalSection
	GlobalSection(SolutionProperties) = preSolution
		HideSolutionNode = FALSE
	EndGlobalSection
	GlobalSection(ExtensibilityGlobals) = postSolution
		SolutionGuid = {B29C79AE-18BE-4E27-A854-2EBE7E701106}
	EndGlobalSection
EndGlobal
